// !$*UTF8*$!
{
	archiveVersion = 1;
	classes = {
	};
	objectVersion = 56;
	objects = {

/* Begin PBXBuildFile section */
		A07DFD152B480EB7003EC6C6 /* InteractivePieChartView.swift in Sources */ = {isa = PBXBuildFile; fileRef = A07DFD142B480EB7003EC6C6 /* InteractivePieChartView.swift */; };
		A09261642B41DF8E00738C6A /* toffyApp.swift in Sources */ = {isa = PBXBuildFile; fileRef = A09261632B41DF8E00738C6A /* toffyApp.swift */; };
		A09261662B41DF8E00738C6A /* ContentView.swift in Sources */ = {isa = PBXBuildFile; fileRef = A09261652B41DF8E00738C6A /* ContentView.swift */; };
		A09261682B41DF8F00738C6A /* Assets.xcassets in Resources */ = {isa = PBXBuildFile; fileRef = A09261672B41DF8F00738C6A /* Assets.xcassets */; };
		A092616B2B41DF8F00738C6A /* Preview Assets.xcassets in Resources */ = {isa = PBXBuildFile; fileRef = A092616A2B41DF8F00738C6A /* Preview Assets.xcassets */; };
		A092617A2B41E1F900738C6A /* QuestionviewModel.swift in Sources */ = {isa = PBXBuildFile; fileRef = A09261792B41E1F900738C6A /* QuestionviewModel.swift */; };
		A092617E2B420E3E00738C6A /* Homeview.swift in Sources */ = {isa = PBXBuildFile; fileRef = A092617D2B420E3E00738C6A /* Homeview.swift */; };
		A09261802B420E5B00738C6A /* QuestionView.swift in Sources */ = {isa = PBXBuildFile; fileRef = A092617F2B420E5B00738C6A /* QuestionView.swift */; };
		A0FE8ABA2B45897600164253 /* SwiftUICharts in Frameworks */ = {isa = PBXBuildFile; productRef = A0FE8AB92B45897600164253 /* SwiftUICharts */; };
/* End PBXBuildFile section */

/* Begin PBXFileReference section */
		A07DFD142B480EB7003EC6C6 /* InteractivePieChartView.swift */ = {isa = PBXFileReference; lastKnownFileType = sourcecode.swift; path = InteractivePieChartView.swift; sourceTree = "<group>"; };
		A09261602B41DF8E00738C6A /* toffy.app */ = {isa = PBXFileReference; explicitFileType = wrapper.application; includeInIndex = 0; path = toffy.app; sourceTree = BUILT_PRODUCTS_DIR; };
		A09261632B41DF8E00738C6A /* toffyApp.swift */ = {isa = PBXFileReference; lastKnownFileType = sourcecode.swift; path = toffyApp.swift; sourceTree = "<group>"; };
		A09261652B41DF8E00738C6A /* ContentView.swift */ = {isa = PBXFileReference; lastKnownFileType = sourcecode.swift; path = ContentView.swift; sourceTree = "<group>"; };
		A09261672B41DF8F00738C6A /* Assets.xcassets */ = {isa = PBXFileReference; lastKnownFileType = folder.assetcatalog; path = Assets.xcassets; sourceTree = "<group>"; };
		A092616A2B41DF8F00738C6A /* Preview Assets.xcassets */ = {isa = PBXFileReference; lastKnownFileType = folder.assetcatalog; path = "Preview Assets.xcassets"; sourceTree = "<group>"; };
		A09261792B41E1F900738C6A /* QuestionviewModel.swift */ = {isa = PBXFileReference; lastKnownFileType = sourcecode.swift; path = QuestionviewModel.swift; sourceTree = "<group>"; };
		A092617D2B420E3E00738C6A /* Homeview.swift */ = {isa = PBXFileReference; lastKnownFileType = sourcecode.swift; path = Homeview.swift; sourceTree = "<group>"; };
		A092617F2B420E5B00738C6A /* QuestionView.swift */ = {isa = PBXFileReference; lastKnownFileType = sourcecode.swift; path = QuestionView.swift; sourceTree = "<group>"; };
/* End PBXFileReference section */

/* Begin PBXFrameworksBuildPhase section */
		A092615D2B41DF8E00738C6A /* Frameworks */ = {
			isa = PBXFrameworksBuildPhase;
			buildActionMask = 2147483647;
			files = (
				A0FE8ABA2B45897600164253 /* SwiftUICharts in Frameworks */,
			);
			runOnlyForDeploymentPostprocessing = 0;
		};
/* End PBXFrameworksBuildPhase section */

/* Begin PBXGroup section */
		A09261572B41DF8E00738C6A = {
			isa = PBXGroup;
			children = (
				A09261622B41DF8E00738C6A /* toffy */,
				A09261612B41DF8E00738C6A /* Products */,
			);
			sourceTree = "<group>";
		};
		A09261612B41DF8E00738C6A /* Products */ = {
			isa = PBXGroup;
			children = (
				A09261602B41DF8E00738C6A /* toffy.app */,
			);
			name = Products;
			sourceTree = "<group>";
		};
		A09261622B41DF8E00738C6A /* toffy */ = {
			isa = PBXGroup;
			children = (
				A09261742B41E1B000738C6A /* Views */,
				A09261732B41E19B00738C6A /* Models */,
				A09261632B41DF8E00738C6A /* toffyApp.swift */,
				A09261652B41DF8E00738C6A /* ContentView.swift */,
				A09261672B41DF8F00738C6A /* Assets.xcassets */,
				A09261692B41DF8F00738C6A /* Preview Content */,
			);
			path = toffy;
			sourceTree = "<group>";
		};
		A09261692B41DF8F00738C6A /* Preview Content */ = {
			isa = PBXGroup;
			children = (
				A092616A2B41DF8F00738C6A /* Preview Assets.xcassets */,
			);
			path = "Preview Content";
			sourceTree = "<group>";
		};
		A09261732B41E19B00738C6A /* Models */ = {
			isa = PBXGroup;
			children = (
				A09261792B41E1F900738C6A /* QuestionviewModel.swift */,
			);
			path = Models;
			sourceTree = "<group>";
		};
		A09261742B41E1B000738C6A /* Views */ = {
			isa = PBXGroup;
			children = (
				A092617D2B420E3E00738C6A /* Homeview.swift */,
				A092617F2B420E5B00738C6A /* QuestionView.swift */,
				A07DFD142B480EB7003EC6C6 /* InteractivePieChartView.swift */,
			);
			path = Views;
			sourceTree = "<group>";
		};
/* End PBXGroup section */

/* Begin PBXNativeTarget section */
		A092615F2B41DF8E00738C6A /* toffy */ = {
			isa = PBXNativeTarget;
			buildConfigurationList = A092616E2B41DF8F00738C6A /* Build configuration list for PBXNativeTarget "toffy" */;
			buildPhases = (
				A092615C2B41DF8E00738C6A /* Sources */,
				A092615D2B41DF8E00738C6A /* Frameworks */,
				A092615E2B41DF8E00738C6A /* Resources */,
			);
			buildRules = (
			);
			dependencies = (
			);
			name = toffy;
			packageProductDependencies = (
				A0FE8AB92B45897600164253 /* SwiftUICharts */,
			);
			productName = toffy;
			productReference = A09261602B41DF8E00738C6A /* toffy.app */;
			productType = "com.apple.product-type.application";
		};
/* End PBXNativeTarget section */

/* Begin PBXProject section */
		A09261582B41DF8E00738C6A /* Project object */ = {
			isa = PBXProject;
			attributes = {
				BuildIndependentTargetsInParallel = 1;
				LastSwiftUpdateCheck = 1500;
				LastUpgradeCheck = 1500;
				TargetAttributes = {
					A092615F2B41DF8E00738C6A = {
						CreatedOnToolsVersion = 15.0;
					};
				};
			};
			buildConfigurationList = A092615B2B41DF8E00738C6A /* Build configuration list for PBXProject "toffy" */;
			compatibilityVersion = "Xcode 14.0";
			developmentRegion = en;
			hasScannedForEncodings = 0;
			knownRegions = (
				en,
				Base,
			);
			mainGroup = A09261572B41DF8E00738C6A;
			packageReferences = (
				A0FE8AB82B45897600164253 /* XCRemoteSwiftPackageReference "ChartView" */,
			);
			productRefGroup = A09261612B41DF8E00738C6A /* Products */;
			projectDirPath = "";
			projectRoot = "";
			targets = (
				A092615F2B41DF8E00738C6A /* toffy */,
			);
		};
/* End PBXProject section */

/* Begin PBXResourcesBuildPhase section */
		A092615E2B41DF8E00738C6A /* Resources */ = {
			isa = PBXResourcesBuildPhase;
			buildActionMask = 2147483647;
			files = (
				A092616B2B41DF8F00738C6A /* Preview Assets.xcassets in Resources */,
				A09261682B41DF8F00738C6A /* Assets.xcassets in Resources */,
			);
			runOnlyForDeploymentPostprocessing = 0;
		};
/* End PBXResourcesBuildPhase section */

/* Begin PBXSourcesBuildPhase section */
		A092615C2B41DF8E00738C6A /* Sources */ = {
			isa = PBXSourcesBuildPhase;
			buildActionMask = 2147483647;
			files = (
				A09261802B420E5B00738C6A /* QuestionView.swift in Sources */,
				A092617A2B41E1F900738C6A /* QuestionviewModel.swift in Sources */,
				A07DFD152B480EB7003EC6C6 /* InteractivePieChartView.swift in Sources */,
				A092617E2B420E3E00738C6A /* Homeview.swift in Sources */,
				A09261662B41DF8E00738C6A /* ContentView.swift in Sources */,
				A09261642B41DF8E00738C6A /* toffyApp.swift in Sources */,
			);
			runOnlyForDeploymentPostprocessing = 0;
		};
/* End PBXSourcesBuildPhase section */

/* Begin XCBuildConfiguration section */
		A092616C2B41DF8F00738C6A /* Debug */ = {
			isa = XCBuildConfiguration;
			buildSettings = {
				ALWAYS_SEARCH_USER_PATHS = NO;
				ASSETCATALOG_COMPILER_GENERATE_SWIFT_ASSET_SYMBOL_EXTENSIONS = YES;
				CLANG_ANALYZER_NONNULL = YES;
				CLANG_ANALYZER_NUMBER_OBJECT_CONVERSION = YES_AGGRESSIVE;
				CLANG_CXX_LANGUAGE_STANDARD = "gnu++20";
				CLANG_ENABLE_MODULES = YES;
				CLANG_ENABLE_OBJC_ARC = YES;
				CLANG_ENABLE_OBJC_WEAK = YES;
				CLANG_WARN_BLOCK_CAPTURE_AUTORELEASING = YES;
				CLANG_WARN_BOOL_CONVERSION = YES;
				CLANG_WARN_COMMA = YES;
				CLANG_WARN_CONSTANT_CONVERSION = YES;
				CLANG_WARN_DEPRECATED_OBJC_IMPLEMENTATIONS = YES;
				CLANG_WARN_DIRECT_OBJC_ISA_USAGE = YES_ERROR;
				CLANG_WARN_DOCUMENTATION_COMMENTS = YES;
				CLANG_WARN_EMPTY_BODY = YES;
				CLANG_WARN_ENUM_CONVERSION = YES;
				CLANG_WARN_INFINITE_RECURSION = YES;
				CLANG_WARN_INT_CONVERSION = YES;
				CLANG_WARN_NON_LITERAL_NULL_CONVERSION = YES;
				CLANG_WARN_OBJC_IMPLICIT_RETAIN_SELF = YES;
				CLANG_WARN_OBJC_LITERAL_CONVERSION = YES;
				CLANG_WARN_OBJC_ROOT_CLASS = YES_ERROR;
				CLANG_WARN_QUOTED_INCLUDE_IN_FRAMEWORK_HEADER = YES;
				CLANG_WARN_RANGE_LOOP_ANALYSIS = YES;
				CLANG_WARN_STRICT_PROTOTYPES = YES;
				CLANG_WARN_SUSPICIOUS_MOVE = YES;
				CLANG_WARN_UNGUARDED_AVAILABILITY = YES_AGGRESSIVE;
				CLANG_WARN_UNREACHABLE_CODE = YES;
				CLANG_WARN__DUPLICATE_METHOD_MATCH = YES;
				COPY_PHASE_STRIP = NO;
				DEBUG_INFORMATION_FORMAT = dwarf;
				ENABLE_STRICT_OBJC_MSGSEND = YES;
				ENABLE_TESTABILITY = YES;
				ENABLE_USER_SCRIPT_SANDBOXING = YES;
				GCC_C_LANGUAGE_STANDARD = gnu17;
				GCC_DYNAMIC_NO_PIC = NO;
				GCC_NO_COMMON_BLOCKS = YES;
				GCC_OPTIMIZATION_LEVEL = 0;
				GCC_PREPROCESSOR_DEFINITIONS = (
					"DEBUG=1",
					"$(inherited)",
				);
				GCC_WARN_64_TO_32_BIT_CONVERSION = YES;
				GCC_WARN_ABOUT_RETURN_TYPE = YES_ERROR;
				GCC_WARN_UNDECLARED_SELECTOR = YES;
				GCC_WARN_UNINITIALIZED_AUTOS = YES_AGGRESSIVE;
				GCC_WARN_UNUSED_FUNCTION = YES;
				GCC_WARN_UNUSED_VARIABLE = YES;
				IPHONEOS_DEPLOYMENT_TARGET = 17.0;
				LOCALIZATION_PREFERS_STRING_CATALOGS = YES;
				MTL_ENABLE_DEBUG_INFO = INCLUDE_SOURCE;
				MTL_FAST_MATH = YES;
				ONLY_ACTIVE_ARCH = YES;
				SDKROOT = iphoneos;
				SWIFT_ACTIVE_COMPILATION_CONDITIONS = "DEBUG $(inherited)";
				SWIFT_OPTIMIZATION_LEVEL = "-Onone";
			};
			name = Debug;
		};
		A092616D2B41DF8F00738C6A /* Release */ = {
			isa = XCBuildConfiguration;
			buildSettings = {
				ALWAYS_SEARCH_USER_PATHS = NO;
				ASSETCATALOG_COMPILER_GENERATE_SWIFT_ASSET_SYMBOL_EXTENSIONS = YES;
				CLANG_ANALYZER_NONNULL = YES;
				CLANG_ANALYZER_NUMBER_OBJECT_CONVERSION = YES_AGGRESSIVE;
				CLANG_CXX_LANGUAGE_STANDARD = "gnu++20";
				CLANG_ENABLE_MODULES = YES;
				CLANG_ENABLE_OBJC_ARC = YES;
				CLANG_ENABLE_OBJC_WEAK = YES;
				CLANG_WARN_BLOCK_CAPTURE_AUTORELEASING = YES;
				CLANG_WARN_BOOL_CONVERSION = YES;
				CLANG_WARN_COMMA = YES;
				CLANG_WARN_CONSTANT_CONVERSION = YES;
				CLANG_WARN_DEPRECATED_OBJC_IMPLEMENTATIONS = YES;
				CLANG_WARN_DIRECT_OBJC_ISA_USAGE = YES_ERROR;
				CLANG_WARN_DOCUMENTATION_COMMENTS = YES;
				CLANG_WARN_EMPTY_BODY = YES;
				CLANG_WARN_ENUM_CONVERSION = YES;
				CLANG_WARN_INFINITE_RECURSION = YES;
				CLANG_WARN_INT_CONVERSION = YES;
				CLANG_WARN_NON_LITERAL_NULL_CONVERSION = YES;
				CLANG_WARN_OBJC_IMPLICIT_RETAIN_SELF = YES;
				CLANG_WARN_OBJC_LITERAL_CONVERSION = YES;
				CLANG_WARN_OBJC_ROOT_CLASS = YES_ERROR;
				CLANG_WARN_QUOTED_INCLUDE_IN_FRAMEWORK_HEADER = YES;
				CLANG_WARN_RANGE_LOOP_ANALYSIS = YES;
				CLANG_WARN_STRICT_PROTOTYPES = YES;
				CLANG_WARN_SUSPICIOUS_MOVE = YES;
				CLANG_WARN_UNGUARDED_AVAILABILITY = YES_AGGRESSIVE;
				CLANG_WARN_UNREACHABLE_CODE = YES;
				CLANG_WARN__DUPLICATE_METHOD_MATCH = YES;
				COPY_PHASE_STRIP = NO;
				DEBUG_INFORMATION_FORMAT = "dwarf-with-dsym";
				ENABLE_NS_ASSERTIONS = NO;
				ENABLE_STRICT_OBJC_MSGSEND = YES;
				ENABLE_USER_SCRIPT_SANDBOXING = YES;
				GCC_C_LANGUAGE_STANDARD = gnu17;
				GCC_NO_COMMON_BLOCKS = YES;
				GCC_WARN_64_TO_32_BIT_CONVERSION = YES;
				GCC_WARN_ABOUT_RETURN_TYPE = YES_ERROR;
				GCC_WARN_UNDECLARED_SELECTOR = YES;
				GCC_WARN_UNINITIALIZED_AUTOS = YES_AGGRESSIVE;
				GCC_WARN_UNUSED_FUNCTION = YES;
				GCC_WARN_UNUSED_VARIABLE = YES;
				IPHONEOS_DEPLOYMENT_TARGET = 17.0;
				LOCALIZATION_PREFERS_STRING_CATALOGS = YES;
				MTL_ENABLE_DEBUG_INFO = NO;
				MTL_FAST_MATH = YES;
				SDKROOT = iphoneos;
				SWIFT_COMPILATION_MODE = wholemodule;
				VALIDATE_PRODUCT = YES;
			};
			name = Release;
		};
		A092616F2B41DF8F00738C6A /* Debug */ = {
			isa = XCBuildConfiguration;
			buildSettings = {
				ASSETCATALOG_COMPILER_APPICON_NAME = AppIcon;
				ASSETCATALOG_COMPILER_GLOBAL_ACCENT_COLOR_NAME = AccentColor;
				CODE_SIGN_STYLE = Automatic;
				CURRENT_PROJECT_VERSION = 1;
				DEVELOPMENT_ASSET_PATHS = "\"toffy/Preview Content\"";
				ENABLE_PREVIEWS = YES;
				GENERATE_INFOPLIST_FILE = YES;
				INFOPLIST_KEY_UIApplicationSceneManifest_Generation = YES;
				INFOPLIST_KEY_UIApplicationSupportsIndirectInputEvents = YES;
				INFOPLIST_KEY_UILaunchScreen_Generation = YES;
				INFOPLIST_KEY_UISupportedInterfaceOrientations_iPad = "UIInterfaceOrientationPortrait UIInterfaceOrientationPortraitUpsideDown UIInterfaceOrientationLandscapeLeft UIInterfaceOrientationLandscapeRight";
				INFOPLIST_KEY_UISupportedInterfaceOrientations_iPhone = "UIInterfaceOrientationPortrait UIInterfaceOrientationLandscapeLeft UIInterfaceOrientationLandscapeRight";
				LD_RUNPATH_SEARCH_PATHS = (
					"$(inherited)",
					"@executable_path/Frameworks",
				);
				MARKETING_VERSION = 1.0;
				PRODUCT_BUNDLE_IDENTIFIER = internbro.com.toffy;
				PRODUCT_NAME = "$(TARGET_NAME)";
				SWIFT_EMIT_LOC_STRINGS = YES;
				SWIFT_VERSION = 5.0;
				TARGETED_DEVICE_FAMILY = "1,2";
			};
			name = Debug;
		};
		A09261702B41DF8F00738C6A /* Release */ = {
			isa = XCBuildConfiguration;
			buildSettings = {
				ASSETCATALOG_COMPILER_APPICON_NAME = AppIcon;
				ASSETCATALOG_COMPILER_GLOBAL_ACCENT_COLOR_NAME = AccentColor;
				CODE_SIGN_STYLE = Automatic;
				CURRENT_PROJECT_VERSION = 1;
				DEVELOPMENT_ASSET_PATHS = "\"toffy/Preview Content\"";
				ENABLE_PREVIEWS = YES;
				GENERATE_INFOPLIST_FILE = YES;
				INFOPLIST_KEY_UIApplicationSceneManifest_Generation = YES;
				INFOPLIST_KEY_UIApplicationSupportsIndirectInputEvents = YES;
				INFOPLIST_KEY_UILaunchScreen_Generation = YES;
				INFOPLIST_KEY_UISupportedInterfaceOrientations_iPad = "UIInterfaceOrientationPortrait UIInterfaceOrientationPortraitUpsideDown UIInterfaceOrientationLandscapeLeft UIInterfaceOrientationLandscapeRight";
				INFOPLIST_KEY_UISupportedInterfaceOrientations_iPhone = "UIInterfaceOrientationPortrait UIInterfaceOrientationLandscapeLeft UIInterfaceOrientationLandscapeRight";
				LD_RUNPATH_SEARCH_PATHS = (
					"$(inherited)",
					"@executable_path/Frameworks",
				);
				MARKETING_VERSION = 1.0;
				PRODUCT_BUNDLE_IDENTIFIER = internbro.com.toffy;
				PRODUCT_NAME = "$(TARGET_NAME)";
				SWIFT_EMIT_LOC_STRINGS = YES;
				SWIFT_VERSION = 5.0;
				TARGETED_DEVICE_FAMILY = "1,2";
			};
			name = Release;
		};
/* End XCBuildConfiguration section */

/* Begin XCConfigurationList section */
		A092615B2B41DF8E00738C6A /* Build configuration list for PBXProject "toffy" */ = {
			isa = XCConfigurationList;
			buildConfigurations = (
				A092616C2B41DF8F00738C6A /* Debug */,
				A092616D2B41DF8F00738C6A /* Release */,
			);
			defaultConfigurationIsVisible = 0;
			defaultConfigurationName = Release;
		};
		A092616E2B41DF8F00738C6A /* Build configuration list for PBXNativeTarget "toffy" */ = {
			isa = XCConfigurationList;
			buildConfigurations = (
				A092616F2B41DF8F00738C6A /* Debug */,
				A09261702B41DF8F00738C6A /* Release */,
			);
			defaultConfigurationIsVisible = 0;
			defaultConfigurationName = Release;
		};
/* End XCConfigurationList section */

/* Begin XCRemoteSwiftPackageReference section */
		A0FE8AB82B45897600164253 /* XCRemoteSwiftPackageReference "ChartView" */ = {
			isa = XCRemoteSwiftPackageReference;
			repositoryURL = "https://github.com/AppPear/ChartView";
			requirement = {
				kind = upToNextMajorVersion;
				minimumVersion = 1.5.5;
			};
		};
/* End XCRemoteSwiftPackageReference section */

/* Begin XCSwiftPackageProductDependency section */
		A0FE8AB92B45897600164253 /* SwiftUICharts */ = {
			isa = XCSwiftPackageProductDependency;
			package = A0FE8AB82B45897600164253 /* XCRemoteSwiftPackageReference "ChartView" */;
			productName = SwiftUICharts;
		};
/* End XCSwiftPackageProductDependency section */
	};
	rootObject = A09261582B41DF8E00738C6A /* Project object */;
}
